
Microsoft Visual Studio Solution File, Format Version 12.00
# Visual Studio 15
Project("{FAE04EC0-301F-11D3-BF4B-00C04F79EFBC}") = "ghWebSocket", "ghWebSocket.csproj", "{F2FA73EB-460E-4FEB-B862-45F478AA75F4}"
EndProject
Global
	GlobalSection(SolutionConfigurationPlatforms) = preSolution
		Debug|Any CPU = Debug|Any CPU
		Release|Any CPU = Release|Any CPU
		Install|Any CPU = Install|Any CPU
	EndGlobalSection
	GlobalSection(ProjectConfigurationPlatforms) = postSolution
		{F2FA73EB-460E-4FEB-B862-45F478AA75F4}.Debug|Any CPU.ActiveCfg = Debug|Any CPU
		{F2FA73EB-460E-4FEB-B862-45F478AA75F4}.Debug|Any CPU.Build.0 = Debug|Any CPU
		{F2FA73EB-460E-4FEB-B862-45F478AA75F4}.Release|Any CPU.ActiveCfg = Release|Any CPU
		{F2FA73EB-460E-4FEB-B862-45F478AA75F4}.Release|Any CPU.Build.0 = Release|Any CPU
		{F2FA73EB-460E-4FEB-B862-45F478AA75F4}.Install|Any CPU.ActiveCfg = Install|Any CPU
		{F2FA73EB-460E-4FEB-B862-45F478AA75F4}.Install|Any CPU.Build.0 = Install|Any CPU
	EndGlobalSection
	GlobalSection(MonoDevelopProperties) = preSolution
		version = 1.0.4
	EndGlobalSection
EndGlobal
